{
  "nodes": {
    "fdb-overlay": {
      "inputs": {
        "nixpkgs": [
          "nixpkgs"
        ]
      },
      "locked": {
        "lastModified": 1660897468,
        "narHash": "sha256-6mVouKGiQIwL8Zgj4rGx4S22+RAsIrusoOsZydMbQVI=",
        "owner": "foundationdb-rs",
        "repo": "overlay",
        "rev": "a03ecfeb7228ae9215b955d9d5c8f46a44accea7",
        "type": "github"
      },
      "original": {
        "owner": "foundationdb-rs",
        "repo": "overlay",
        "type": "github"
      }
    },
    "flake-utils": {
      "locked": {
        "lastModified": 1656928814,
        "narHash": "sha256-RIFfgBuKz6Hp89yRr7+NR5tzIAbn52h8vT6vXkYjZoM=",
        "owner": "numtide",
        "repo": "flake-utils",
        "rev": "7e2a3b3dfd9af950a856d66b0a7d01e3c18aa249",
        "type": "github"
      },
      "original": {
        "owner": "numtide",
        "repo": "flake-utils",
        "type": "github"
      }
    },
    "nixpkgs": {
      "locked": {
        "lastModified": 1664326381,
        "narHash": "sha256-w9fbgU1Rz7tDCPe0FT3SExG4JbylR89AdaofHFkL2GA=",
        "owner": "NixOS",
        "repo": "nixpkgs",
        "rev": "cd0b791eaac32aa7bf8e1958e180c1b2317f9d76",
        "type": "github"
      },
      "original": {
        "id": "nixpkgs",
        "type": "indirect"
      }
    },
    "root": {
      "inputs": {
        "fdb-overlay": "fdb-overlay",
        "nixpkgs": "nixpkgs",
        "rust-overlay": "rust-overlay"
      }
    },
    "rust-overlay": {
      "inputs": {
        "flake-utils": "flake-utils",
        "nixpkgs": [
          "nixpkgs"
        ]
      },
      "locked": {
        "lastModified": 1664334084,
        "narHash": "sha256-cqP0TzDs3GDRprS6IgVQcWjQ0ynmjQFjYWvp+LE/s6I=",
        "owner": "oxalica",
        "repo": "rust-overlay",
        "rev": "70eab96a255ae9b4b82b38ea5ac5c8e5b57e0abd",
        "type": "github"
      },
      "original": {
        "owner": "oxalica",
        "repo": "rust-overlay",
        "type": "github"
      }
    }
  },
  "root": "root",
  "version": 7
}
