{
  "nodes": {
    "fdb-overlay": {
      "inputs": {
        "nixpkgs": [
          "nixpkgs"
        ]
      },
      "locked": {
        "lastModified": 1660897468,
        "narHash": "sha256-6mVouKGiQIwL8Zgj4rGx4S22+RAsIrusoOsZydMbQVI=",
        "owner": "foundationdb-rs",
        "repo": "overlay",
        "rev": "a03ecfeb7228ae9215b955d9d5c8f46a44accea7",
        "type": "github"
      },
      "original": {
        "owner": "foundationdb-rs",
        "repo": "overlay",
        "type": "github"
      }
    },
    "flake-utils": {
      "locked": {
        "lastModified": 1656928814,
        "narHash": "sha256-RIFfgBuKz6Hp89yRr7+NR5tzIAbn52h8vT6vXkYjZoM=",
        "owner": "numtide",
        "repo": "flake-utils",
        "rev": "7e2a3b3dfd9af950a856d66b0a7d01e3c18aa249",
        "type": "github"
      },
      "original": {
        "owner": "numtide",
        "repo": "flake-utils",
        "type": "github"
      }
    },
    "nixpkgs": {
      "locked": {
        "lastModified": 1661353537,
        "narHash": "sha256-1E2IGPajOsrkR49mM5h55OtYnU0dGyre6gl60NXKITE=",
        "owner": "NixOS",
        "repo": "nixpkgs",
        "rev": "0e304ff0d9db453a4b230e9386418fd974d5804a",
        "type": "github"
      },
      "original": {
        "id": "nixpkgs",
        "type": "indirect"
      }
    },
    "root": {
      "inputs": {
        "fdb-overlay": "fdb-overlay",
        "nixpkgs": "nixpkgs",
        "rust-overlay": "rust-overlay"
      }
    },
    "rust-overlay": {
      "inputs": {
        "flake-utils": "flake-utils",
        "nixpkgs": [
          "nixpkgs"
        ]
      },
      "locked": {
        "lastModified": 1661828444,
        "narHash": "sha256-PDVS1L+rfCanIzmtpjouySfeS1UoPGOj/hZzz3POjPA=",
        "owner": "oxalica",
        "repo": "rust-overlay",
        "rev": "6bc5e02b2bcd94568813ab238e3b567c84647b84",
        "type": "github"
      },
      "original": {
        "owner": "oxalica",
        "repo": "rust-overlay",
        "type": "github"
      }
    }
  },
  "root": "root",
  "version": 7
}
